// !$*UTF8*$!
{
	archiveVersion = 1;
	classes = {
	};
	objectVersion = 46;
	objects = {

/* Begin PBXBuildFile section */
		2AF8A75A1CB5F93100F82CB3 /* AFHTTPSessionManager.m in Sources */ = {isa = PBXBuildFile; fileRef = 2AF8A74E1CB5F93100F82CB3 /* AFHTTPSessionManager.m */; };
		2AF8A75B1CB5F93100F82CB3 /* AFNetworkReachabilityManager.m in Sources */ = {isa = PBXBuildFile; fileRef = 2AF8A7511CB5F93100F82CB3 /* AFNetworkReachabilityManager.m */; };
		2AF8A75C1CB5F93100F82CB3 /* AFSecurityPolicy.m in Sources */ = {isa = PBXBuildFile; fileRef = 2AF8A7531CB5F93100F82CB3 /* AFSecurityPolicy.m */; };
		2AF8A75D1CB5F93100F82CB3 /* AFURLRequestSerialization.m in Sources */ = {isa = PBXBuildFile; fileRef = 2AF8A7551CB5F93100F82CB3 /* AFURLRequestSerialization.m */; };
		2AF8A75E1CB5F93100F82CB3 /* AFURLResponseSerialization.m in Sources */ = {isa = PBXBuildFile; fileRef = 2AF8A7571CB5F93100F82CB3 /* AFURLResponseSerialization.m */; };
		2AF8A75F1CB5F93100F82CB3 /* AFURLSessionManager.m in Sources */ = {isa = PBXBuildFile; fileRef = 2AF8A7591CB5F93100F82CB3 /* AFURLSessionManager.m */; };
		C6464FC81C8533B300F30CD3 /* main.m in Sources */ = {isa = PBXBuildFile; fileRef = C6464FC71C8533B300F30CD3 /* main.m */; };
		C6464FCB1C8533B300F30CD3 /* AppDelegate.m in Sources */ = {isa = PBXBuildFile; fileRef = C6464FCA1C8533B300F30CD3 /* AppDelegate.m */; };
		C6464FCE1C8533B300F30CD3 /* ViewController.m in Sources */ = {isa = PBXBuildFile; fileRef = C6464FCD1C8533B300F30CD3 /* ViewController.m */; };
		C6464FD11C8533B300F30CD3 /* Main.storyboard in Resources */ = {isa = PBXBuildFile; fileRef = C6464FCF1C8533B300F30CD3 /* Main.storyboard */; };
		C6464FD31C8533B300F30CD3 /* Assets.xcassets in Resources */ = {isa = PBXBuildFile; fileRef = C6464FD21C8533B300F30CD3 /* Assets.xcassets */; };
		C6464FD61C8533B300F30CD3 /* LaunchScreen.storyboard in Resources */ = {isa = PBXBuildFile; fileRef = C6464FD41C8533B300F30CD3 /* LaunchScreen.storyboard */; };
		C6464FE11C8533B300F30CD3 /* KYUtilUITests.m in Sources */ = {isa = PBXBuildFile; fileRef = C6464FE01C8533B300F30CD3 /* KYUtilUITests.m */; };
		C665C2F11CB53F46006E9DAE /* NSDictionary+Additions.m in Sources */ = {isa = PBXBuildFile; fileRef = C665C2DB1CB53F46006E9DAE /* NSDictionary+Additions.m */; };
		C665C2F81CB53F46006E9DAE /* KFRequestManager.m in Sources */ = {isa = PBXBuildFile; fileRef = C665C2EC1CB53F46006E9DAE /* KFRequestManager.m */; };
		C665C2F91CB53F46006E9DAE /* UIView+Frame.m in Sources */ = {isa = PBXBuildFile; fileRef = C665C2F01CB53F46006E9DAE /* UIView+Frame.m */; };
/* End PBXBuildFile section */

/* Begin PBXContainerItemProxy section */
		C6464FDD1C8533B300F30CD3 /* PBXContainerItemProxy */ = {
			isa = PBXContainerItemProxy;
			containerPortal = C6464FBB1C8533B300F30CD3 /* Project object */;
			proxyType = 1;
			remoteGlobalIDString = C6464FC21C8533B300F30CD3;
			remoteInfo = FYUtil;
		};
/* End PBXContainerItemProxy section */

/* Begin PBXFileReference section */
		2AF8A74D1CB5F93100F82CB3 /* AFHTTPSessionManager.h */ = {isa = PBXFileReference; fileEncoding = 4; lastKnownFileType = sourcecode.c.h; path = AFHTTPSessionManager.h; sourceTree = "<group>"; };
		2AF8A74E1CB5F93100F82CB3 /* AFHTTPSessionManager.m */ = {isa = PBXFileReference; fileEncoding = 4; lastKnownFileType = sourcecode.c.objc; path = AFHTTPSessionManager.m; sourceTree = "<group>"; };
		2AF8A74F1CB5F93100F82CB3 /* AFNetworking.h */ = {isa = PBXFileReference; fileEncoding = 4; lastKnownFileType = sourcecode.c.h; path = AFNetworking.h; sourceTree = "<group>"; };
		2AF8A7501CB5F93100F82CB3 /* AFNetworkReachabilityManager.h */ = {isa = PBXFileReference; fileEncoding = 4; lastKnownFileType = sourcecode.c.h; path = AFNetworkReachabilityManager.h; sourceTree = "<group>"; };
		2AF8A7511CB5F93100F82CB3 /* AFNetworkReachabilityManager.m */ = {isa = PBXFileReference; fileEncoding = 4; lastKnownFileType = sourcecode.c.objc; path = AFNetworkReachabilityManager.m; sourceTree = "<group>"; };
		2AF8A7521CB5F93100F82CB3 /* AFSecurityPolicy.h */ = {isa = PBXFileReference; fileEncoding = 4; lastKnownFileType = sourcecode.c.h; path = AFSecurityPolicy.h; sourceTree = "<group>"; };
		2AF8A7531CB5F93100F82CB3 /* AFSecurityPolicy.m */ = {isa = PBXFileReference; fileEncoding = 4; lastKnownFileType = sourcecode.c.objc; path = AFSecurityPolicy.m; sourceTree = "<group>"; };
		2AF8A7541CB5F93100F82CB3 /* AFURLRequestSerialization.h */ = {isa = PBXFileReference; fileEncoding = 4; lastKnownFileType = sourcecode.c.h; path = AFURLRequestSerialization.h; sourceTree = "<group>"; };
		2AF8A7551CB5F93100F82CB3 /* AFURLRequestSerialization.m */ = {isa = PBXFileReference; fileEncoding = 4; lastKnownFileType = sourcecode.c.objc; path = AFURLRequestSerialization.m; sourceTree = "<group>"; };
		2AF8A7561CB5F93100F82CB3 /* AFURLResponseSerialization.h */ = {isa = PBXFileReference; fileEncoding = 4; lastKnownFileType = sourcecode.c.h; path = AFURLResponseSerialization.h; sourceTree = "<group>"; };
		2AF8A7571CB5F93100F82CB3 /* AFURLResponseSerialization.m */ = {isa = PBXFileReference; fileEncoding = 4; lastKnownFileType = sourcecode.c.objc; path = AFURLResponseSerialization.m; sourceTree = "<group>"; };
		2AF8A7581CB5F93100F82CB3 /* AFURLSessionManager.h */ = {isa = PBXFileReference; fileEncoding = 4; lastKnownFileType = sourcecode.c.h; path = AFURLSessionManager.h; sourceTree = "<group>"; };
		2AF8A7591CB5F93100F82CB3 /* AFURLSessionManager.m */ = {isa = PBXFileReference; fileEncoding = 4; lastKnownFileType = sourcecode.c.objc; path = AFURLSessionManager.m; sourceTree = "<group>"; };
		C622FC6A1C92C57500C64A88 /* KFUtil-PrefixHeader.pch */ = {isa = PBXFileReference; fileEncoding = 4; lastKnownFileType = sourcecode.c.h; name = "KFUtil-PrefixHeader.pch"; path = "../KFUtilDemo/KFUtil-PrefixHeader.pch"; sourceTree = "<group>"; };
		C6464FC31C8533B300F30CD3 /* KFUtilDemo.app */ = {isa = PBXFileReference; explicitFileType = wrapper.application; includeInIndex = 0; path = KFUtilDemo.app; sourceTree = BUILT_PRODUCTS_DIR; };
		C6464FC71C8533B300F30CD3 /* main.m */ = {isa = PBXFileReference; lastKnownFileType = sourcecode.c.objc; name = main.m; path = ../KFUtilDemo/main.m; sourceTree = "<group>"; };
		C6464FC91C8533B300F30CD3 /* AppDelegate.h */ = {isa = PBXFileReference; lastKnownFileType = sourcecode.c.h; name = AppDelegate.h; path = ../KFUtilDemo/AppDelegate.h; sourceTree = "<group>"; };
		C6464FCA1C8533B300F30CD3 /* AppDelegate.m */ = {isa = PBXFileReference; lastKnownFileType = sourcecode.c.objc; name = AppDelegate.m; path = ../KFUtilDemo/AppDelegate.m; sourceTree = "<group>"; };
		C6464FCC1C8533B300F30CD3 /* ViewController.h */ = {isa = PBXFileReference; lastKnownFileType = sourcecode.c.h; name = ViewController.h; path = ../KFUtilDemo/ViewController.h; sourceTree = "<group>"; };
		C6464FCD1C8533B300F30CD3 /* ViewController.m */ = {isa = PBXFileReference; lastKnownFileType = sourcecode.c.objc; name = ViewController.m; path = ../KFUtilDemo/ViewController.m; sourceTree = "<group>"; };
		C6464FD01C8533B300F30CD3 /* Base */ = {isa = PBXFileReference; lastKnownFileType = file.storyboard; name = Base; path = Base.lproj/Main.storyboard; sourceTree = "<group>"; };
		C6464FD21C8533B300F30CD3 /* Assets.xcassets */ = {isa = PBXFileReference; lastKnownFileType = folder.assetcatalog; name = Assets.xcassets; path = ../KFUtilDemo/Assets.xcassets; sourceTree = "<group>"; };
		C6464FD51C8533B300F30CD3 /* Base */ = {isa = PBXFileReference; lastKnownFileType = file.storyboard; name = Base; path = Base.lproj/LaunchScreen.storyboard; sourceTree = "<group>"; };
		C6464FD71C8533B300F30CD3 /* Info.plist */ = {isa = PBXFileReference; lastKnownFileType = text.plist.xml; name = Info.plist; path = ../KFUtilDemo/Info.plist; sourceTree = "<group>"; };
		C6464FDC1C8533B300F30CD3 /* KFUtilDemo.xctest */ = {isa = PBXFileReference; explicitFileType = wrapper.cfbundle; includeInIndex = 0; path = KFUtilDemo.xctest; sourceTree = BUILT_PRODUCTS_DIR; };
		C6464FE01C8533B300F30CD3 /* KYUtilUITests.m */ = {isa = PBXFileReference; lastKnownFileType = sourcecode.c.objc; path = KYUtilUITests.m; sourceTree = "<group>"; };
		C6464FE21C8533B300F30CD3 /* Info.plist */ = {isa = PBXFileReference; lastKnownFileType = text.plist.xml; path = Info.plist; sourceTree = "<group>"; };
		C665C2D81CB53F46006E9DAE /* KFLogMacro.h */ = {isa = PBXFileReference; fileEncoding = 4; lastKnownFileType = sourcecode.c.h; path = KFLogMacro.h; sourceTree = "<group>"; };
		C665C2DA1CB53F46006E9DAE /* NSDictionary+Additions.h */ = {isa = PBXFileReference; fileEncoding = 4; lastKnownFileType = sourcecode.c.h; path = "NSDictionary+Additions.h"; sourceTree = "<group>"; };
		C665C2DB1CB53F46006E9DAE /* NSDictionary+Additions.m */ = {isa = PBXFileReference; fileEncoding = 4; lastKnownFileType = sourcecode.c.objc; path = "NSDictionary+Additions.m"; sourceTree = "<group>"; };
		C665C2EB1CB53F46006E9DAE /* KFRequestManager.h */ = {isa = PBXFileReference; fileEncoding = 4; lastKnownFileType = sourcecode.c.h; path = KFRequestManager.h; sourceTree = "<group>"; };
		C665C2EC1CB53F46006E9DAE /* KFRequestManager.m */ = {isa = PBXFileReference; fileEncoding = 4; lastKnownFileType = sourcecode.c.objc; path = KFRequestManager.m; sourceTree = "<group>"; };
		C665C2ED1CB53F46006E9DAE /* KFUtil.h */ = {isa = PBXFileReference; fileEncoding = 4; lastKnownFileType = sourcecode.c.h; path = KFUtil.h; sourceTree = "<group>"; };
		C665C2EF1CB53F46006E9DAE /* UIView+Frame.h */ = {isa = PBXFileReference; fileEncoding = 4; lastKnownFileType = sourcecode.c.h; path = "UIView+Frame.h"; sourceTree = "<group>"; };
		C665C2F01CB53F46006E9DAE /* UIView+Frame.m */ = {isa = PBXFileReference; fileEncoding = 4; lastKnownFileType = sourcecode.c.objc; path = "UIView+Frame.m"; sourceTree = "<group>"; };
/* End PBXFileReference section */

/* Begin PBXFrameworksBuildPhase section */
		C6464FC01C8533B300F30CD3 /* Frameworks */ = {
			isa = PBXFrameworksBuildPhase;
			buildActionMask = 2147483647;
			files = (
			);
			runOnlyForDeploymentPostprocessing = 0;
		};
		C6464FD91C8533B300F30CD3 /* Frameworks */ = {
			isa = PBXFrameworksBuildPhase;
			buildActionMask = 2147483647;
			files = (
			);
			runOnlyForDeploymentPostprocessing = 0;
		};
/* End PBXFrameworksBuildPhase section */

/* Begin PBXGroup section */
		2AF8A74C1CB5F93100F82CB3 /* AFNetworking */ = {
			isa = PBXGroup;
			children = (
				2AF8A74D1CB5F93100F82CB3 /* AFHTTPSessionManager.h */,
				2AF8A74E1CB5F93100F82CB3 /* AFHTTPSessionManager.m */,
				2AF8A74F1CB5F93100F82CB3 /* AFNetworking.h */,
				2AF8A7501CB5F93100F82CB3 /* AFNetworkReachabilityManager.h */,
				2AF8A7511CB5F93100F82CB3 /* AFNetworkReachabilityManager.m */,
				2AF8A7521CB5F93100F82CB3 /* AFSecurityPolicy.h */,
				2AF8A7531CB5F93100F82CB3 /* AFSecurityPolicy.m */,
				2AF8A7541CB5F93100F82CB3 /* AFURLRequestSerialization.h */,
				2AF8A7551CB5F93100F82CB3 /* AFURLRequestSerialization.m */,
				2AF8A7561CB5F93100F82CB3 /* AFURLResponseSerialization.h */,
				2AF8A7571CB5F93100F82CB3 /* AFURLResponseSerialization.m */,
				2AF8A7581CB5F93100F82CB3 /* AFURLSessionManager.h */,
				2AF8A7591CB5F93100F82CB3 /* AFURLSessionManager.m */,
			);
			name = AFNetworking;
			path = ../KFUtilDemo/AFNetworking;
			sourceTree = "<group>";
		};
		C6464FBA1C8533B300F30CD3 = {
			isa = PBXGroup;
			children = (
				C6464FC51C8533B300F30CD3 /* KFUtilDemo */,
				C6464FDF1C8533B300F30CD3 /* KFUtilUITests */,
				C6464FC41C8533B300F30CD3 /* Products */,
			);
			sourceTree = "<group>";
		};
		C6464FC41C8533B300F30CD3 /* Products */ = {
			isa = PBXGroup;
			children = (
				C6464FC31C8533B300F30CD3 /* KFUtilDemo.app */,
				C6464FDC1C8533B300F30CD3 /* KFUtilDemo.xctest */,
			);
			name = Products;
			sourceTree = "<group>";
		};
		C6464FC51C8533B300F30CD3 /* KFUtilDemo */ = {
			isa = PBXGroup;
			children = (
				C6464FC91C8533B300F30CD3 /* AppDelegate.h */,
				C6464FCA1C8533B300F30CD3 /* AppDelegate.m */,
				C6464FCC1C8533B300F30CD3 /* ViewController.h */,
				C6464FCD1C8533B300F30CD3 /* ViewController.m */,
				C6464FCF1C8533B300F30CD3 /* Main.storyboard */,
				C665C2D61CB53F46006E9DAE /* KFUtil */,
				C6464FD21C8533B300F30CD3 /* Assets.xcassets */,
				C6464FD41C8533B300F30CD3 /* LaunchScreen.storyboard */,
				C6464FD71C8533B300F30CD3 /* Info.plist */,
				C6464FC61C8533B300F30CD3 /* Supporting Files */,
				C622FC6A1C92C57500C64A88 /* KFUtil-PrefixHeader.pch */,
			);
			name = KFUtilDemo;
			path = KFUtil;
			sourceTree = "<group>";
		};
		C6464FC61C8533B300F30CD3 /* Supporting Files */ = {
			isa = PBXGroup;
			children = (
				2AF8A74C1CB5F93100F82CB3 /* AFNetworking */,
				C6464FC71C8533B300F30CD3 /* main.m */,
			);
			name = "Supporting Files";
			sourceTree = "<group>";
		};
		C6464FDF1C8533B300F30CD3 /* KFUtilUITests */ = {
			isa = PBXGroup;
			children = (
				C6464FE01C8533B300F30CD3 /* KYUtilUITests.m */,
				C6464FE21C8533B300F30CD3 /* Info.plist */,
			);
			path = KFUtilUITests;
			sourceTree = "<group>";
		};
		C665C2D61CB53F46006E9DAE /* KFUtil */ = {
			isa = PBXGroup;
			children = (
				C665C2ED1CB53F46006E9DAE /* KFUtil.h */,
				C665C2D71CB53F46006E9DAE /* DebugUtil */,
				C665C2D91CB53F46006E9DAE /* FoundationUtil */,
				C665C2DC1CB53F46006E9DAE /* KFNetworking */,
				C665C2EE1CB53F46006E9DAE /* UIViewUtil */,
			);
			name = KFUtil;
			sourceTree = "<group>";
		};
		C665C2D71CB53F46006E9DAE /* DebugUtil */ = {
			isa = PBXGroup;
			children = (
				C665C2D81CB53F46006E9DAE /* KFLogMacro.h */,
			);
			path = DebugUtil;
			sourceTree = "<group>";
		};
		C665C2D91CB53F46006E9DAE /* FoundationUtil */ = {
			isa = PBXGroup;
			children = (
				C665C2DA1CB53F46006E9DAE /* NSDictionary+Additions.h */,
				C665C2DB1CB53F46006E9DAE /* NSDictionary+Additions.m */,
			);
			path = FoundationUtil;
			sourceTree = "<group>";
		};
		C665C2DC1CB53F46006E9DAE /* KFNetworking */ = {
			isa = PBXGroup;
			children = (
				C665C2EB1CB53F46006E9DAE /* KFRequestManager.h */,
				C665C2EC1CB53F46006E9DAE /* KFRequestManager.m */,
			);
			path = KFNetworking;
			sourceTree = "<group>";
		};
		C665C2EE1CB53F46006E9DAE /* UIViewUtil */ = {
			isa = PBXGroup;
			children = (
				C665C2EF1CB53F46006E9DAE /* UIView+Frame.h */,
				C665C2F01CB53F46006E9DAE /* UIView+Frame.m */,
			);
			path = UIViewUtil;
			sourceTree = "<group>";
		};
/* End PBXGroup section */

/* Begin PBXNativeTarget section */
		C6464FC21C8533B300F30CD3 /* KFUtilDemo */ = {
			isa = PBXNativeTarget;
			buildConfigurationList = C6464FE51C8533B300F30CD3 /* Build configuration list for PBXNativeTarget "KFUtilDemo" */;
			buildPhases = (
				C6464FBF1C8533B300F30CD3 /* Sources */,
				C6464FC01C8533B300F30CD3 /* Frameworks */,
				C6464FC11C8533B300F30CD3 /* Resources */,
			);
			buildRules = (
			);
			dependencies = (
			);
			name = KFUtilDemo;
			productName = FYUtil;
			productReference = C6464FC31C8533B300F30CD3 /* KFUtilDemo.app */;
			productType = "com.apple.product-type.application";
		};
		C6464FDB1C8533B300F30CD3 /* KFUtilDemoUITests */ = {
			isa = PBXNativeTarget;
			buildConfigurationList = C6464FE81C8533B300F30CD3 /* Build configuration list for PBXNativeTarget "KFUtilDemoUITests" */;
			buildPhases = (
				C6464FD81C8533B300F30CD3 /* Sources */,
				C6464FD91C8533B300F30CD3 /* Frameworks */,
				C6464FDA1C8533B300F30CD3 /* Resources */,
			);
			buildRules = (
			);
			dependencies = (
				C6464FDE1C8533B300F30CD3 /* PBXTargetDependency */,
			);
			name = KFUtilDemoUITests;
			productName = FYUtilUITests;
			productReference = C6464FDC1C8533B300F30CD3 /* KFUtilDemo.xctest */;
			productType = "com.apple.product-type.bundle.ui-testing";
		};
/* End PBXNativeTarget section */

/* Begin PBXProject section */
		C6464FBB1C8533B300F30CD3 /* Project object */ = {
			isa = PBXProject;
			attributes = {
				LastUpgradeCheck = 0720;
				ORGANIZATIONNAME = KittyFeng;
				TargetAttributes = {
					C6464FC21C8533B300F30CD3 = {
						CreatedOnToolsVersion = 7.2.1;
					};
					C6464FDB1C8533B300F30CD3 = {
						CreatedOnToolsVersion = 7.2.1;
						TestTargetID = C6464FC21C8533B300F30CD3;
					};
				};
			};
			buildConfigurationList = C6464FBE1C8533B300F30CD3 /* Build configuration list for PBXProject "KFUtilDemo" */;
			compatibilityVersion = "Xcode 3.2";
			developmentRegion = English;
			hasScannedForEncodings = 0;
			knownRegions = (
				en,
				Base,
			);
			mainGroup = C6464FBA1C8533B300F30CD3;
			productRefGroup = C6464FC41C8533B300F30CD3 /* Products */;
			projectDirPath = "";
			projectRoot = "";
			targets = (
				C6464FC21C8533B300F30CD3 /* KFUtilDemo */,
				C6464FDB1C8533B300F30CD3 /* KFUtilDemoUITests */,
			);
		};
/* End PBXProject section */

/* Begin PBXResourcesBuildPhase section */
		C6464FC11C8533B300F30CD3 /* Resources */ = {
			isa = PBXResourcesBuildPhase;
			buildActionMask = 2147483647;
			files = (
				C6464FD61C8533B300F30CD3 /* LaunchScreen.storyboard in Resources */,
				C6464FD31C8533B300F30CD3 /* Assets.xcassets in Resources */,
				C6464FD11C8533B300F30CD3 /* Main.storyboard in Resources */,
			);
			runOnlyForDeploymentPostprocessing = 0;
		};
		C6464FDA1C8533B300F30CD3 /* Resources */ = {
			isa = PBXResourcesBuildPhase;
			buildActionMask = 2147483647;
			files = (
			);
			runOnlyForDeploymentPostprocessing = 0;
		};
/* End PBXResourcesBuildPhase section */

/* Begin PBXSourcesBuildPhase section */
		C6464FBF1C8533B300F30CD3 /* Sources */ = {
			isa = PBXSourcesBuildPhase;
			buildActionMask = 2147483647;
			files = (
				C665C2F91CB53F46006E9DAE /* UIView+Frame.m in Sources */,
				2AF8A75C1CB5F93100F82CB3 /* AFSecurityPolicy.m in Sources */,
				C665C2F11CB53F46006E9DAE /* NSDictionary+Additions.m in Sources */,
				C665C2F81CB53F46006E9DAE /* KFRequestManager.m in Sources */,
				2AF8A75E1CB5F93100F82CB3 /* AFURLResponseSerialization.m in Sources */,
				C6464FCE1C8533B300F30CD3 /* ViewController.m in Sources */,
				C6464FCB1C8533B300F30CD3 /* AppDelegate.m in Sources */,
				2AF8A75A1CB5F93100F82CB3 /* AFHTTPSessionManager.m in Sources */,
				2AF8A75D1CB5F93100F82CB3 /* AFURLRequestSerialization.m in Sources */,
				2AF8A75F1CB5F93100F82CB3 /* AFURLSessionManager.m in Sources */,
				2AF8A75B1CB5F93100F82CB3 /* AFNetworkReachabilityManager.m in Sources */,
				C6464FC81C8533B300F30CD3 /* main.m in Sources */,
			);
			runOnlyForDeploymentPostprocessing = 0;
		};
		C6464FD81C8533B300F30CD3 /* Sources */ = {
			isa = PBXSourcesBuildPhase;
			buildActionMask = 2147483647;
			files = (
				C6464FE11C8533B300F30CD3 /* KYUtilUITests.m in Sources */,
			);
			runOnlyForDeploymentPostprocessing = 0;
		};
/* End PBXSourcesBuildPhase section */

/* Begin PBXTargetDependency section */
		C6464FDE1C8533B300F30CD3 /* PBXTargetDependency */ = {
			isa = PBXTargetDependency;
			target = C6464FC21C8533B300F30CD3 /* KFUtilDemo */;
			targetProxy = C6464FDD1C8533B300F30CD3 /* PBXContainerItemProxy */;
		};
/* End PBXTargetDependency section */

/* Begin PBXVariantGroup section */
		C6464FCF1C8533B300F30CD3 /* Main.storyboard */ = {
			isa = PBXVariantGroup;
			children = (
				C6464FD01C8533B300F30CD3 /* Base */,
			);
			name = Main.storyboard;
			path = ../KFUtilDemo;
			sourceTree = "<group>";
		};
		C6464FD41C8533B300F30CD3 /* LaunchScreen.storyboard */ = {
			isa = PBXVariantGroup;
			children = (
				C6464FD51C8533B300F30CD3 /* Base */,
			);
			name = LaunchScreen.storyboard;
			path = ../KFUtilDemo;
			sourceTree = "<group>";
		};
/* End PBXVariantGroup section */

/* Begin XCBuildConfiguration section */
		C6464FE31C8533B300F30CD3 /* Debug */ = {
			isa = XCBuildConfiguration;
			buildSettings = {
				ALWAYS_SEARCH_USER_PATHS = NO;
				CLANG_CXX_LANGUAGE_STANDARD = "gnu++0x";
				CLANG_CXX_LIBRARY = "libc++";
				CLANG_ENABLE_MODULES = YES;
				CLANG_ENABLE_OBJC_ARC = YES;
				CLANG_WARN_BOOL_CONVERSION = YES;
				CLANG_WARN_CONSTANT_CONVERSION = YES;
				CLANG_WARN_DIRECT_OBJC_ISA_USAGE = YES_ERROR;
				CLANG_WARN_EMPTY_BODY = YES;
				CLANG_WARN_ENUM_CONVERSION = YES;
				CLANG_WARN_INT_CONVERSION = YES;
				CLANG_WARN_OBJC_ROOT_CLASS = YES_ERROR;
				CLANG_WARN_UNREACHABLE_CODE = YES;
				CLANG_WARN__DUPLICATE_METHOD_MATCH = YES;
				"CODE_SIGN_IDENTITY[sdk=iphoneos*]" = "iPhone Developer";
				COPY_PHASE_STRIP = NO;
				DEBUG_INFORMATION_FORMAT = dwarf;
				ENABLE_STRICT_OBJC_MSGSEND = YES;
				ENABLE_TESTABILITY = YES;
				GCC_C_LANGUAGE_STANDARD = gnu99;
				GCC_DYNAMIC_NO_PIC = NO;
				GCC_NO_COMMON_BLOCKS = YES;
				GCC_OPTIMIZATION_LEVEL = 0;
				GCC_PREPROCESSOR_DEFINITIONS = (
					"DEBUG=1",
					"$(inherited)",
				);
				GCC_WARN_64_TO_32_BIT_CONVERSION = YES;
				GCC_WARN_ABOUT_RETURN_TYPE = YES_ERROR;
				GCC_WARN_UNDECLARED_SELECTOR = YES;
				GCC_WARN_UNINITIALIZED_AUTOS = YES_AGGRESSIVE;
				GCC_WARN_UNUSED_FUNCTION = YES;
				GCC_WARN_UNUSED_VARIABLE = YES;
				IPHONEOS_DEPLOYMENT_TARGET = 9.2;
				MTL_ENABLE_DEBUG_INFO = YES;
				ONLY_ACTIVE_ARCH = YES;
				SDKROOT = iphoneos;
				TARGETED_DEVICE_FAMILY = "1,2";
			};
			name = Debug;
		};
		C6464FE41C8533B300F30CD3 /* Release */ = {
			isa = XCBuildConfiguration;
			buildSettings = {
				ALWAYS_SEARCH_USER_PATHS = NO;
				CLANG_CXX_LANGUAGE_STANDARD = "gnu++0x";
				CLANG_CXX_LIBRARY = "libc++";
				CLANG_ENABLE_MODULES = YES;
				CLANG_ENABLE_OBJC_ARC = YES;
				CLANG_WARN_BOOL_CONVERSION = YES;
				CLANG_WARN_CONSTANT_CONVERSION = YES;
				CLANG_WARN_DIRECT_OBJC_ISA_USAGE = YES_ERROR;
				CLANG_WARN_EMPTY_BODY = YES;
				CLANG_WARN_ENUM_CONVERSION = YES;
				CLANG_WARN_INT_CONVERSION = YES;
				CLANG_WARN_OBJC_ROOT_CLASS = YES_ERROR;
				CLANG_WARN_UNREACHABLE_CODE = YES;
				CLANG_WARN__DUPLICATE_METHOD_MATCH = YES;
				"CODE_SIGN_IDENTITY[sdk=iphoneos*]" = "iPhone Developer";
				COPY_PHASE_STRIP = NO;
				DEBUG_INFORMATION_FORMAT = "dwarf-with-dsym";
				ENABLE_NS_ASSERTIONS = NO;
				ENABLE_STRICT_OBJC_MSGSEND = YES;
				GCC_C_LANGUAGE_STANDARD = gnu99;
				GCC_NO_COMMON_BLOCKS = YES;
				GCC_WARN_64_TO_32_BIT_CONVERSION = YES;
				GCC_WARN_ABOUT_RETURN_TYPE = YES_ERROR;
				GCC_WARN_UNDECLARED_SELECTOR = YES;
				GCC_WARN_UNINITIALIZED_AUTOS = YES_AGGRESSIVE;
				GCC_WARN_UNUSED_FUNCTION = YES;
				GCC_WARN_UNUSED_VARIABLE = YES;
				IPHONEOS_DEPLOYMENT_TARGET = 9.2;
				MTL_ENABLE_DEBUG_INFO = NO;
				SDKROOT = iphoneos;
				TARGETED_DEVICE_FAMILY = "1,2";
				VALIDATE_PRODUCT = YES;
			};
			name = Release;
		};
		C6464FE61C8533B300F30CD3 /* Debug */ = {
			isa = XCBuildConfiguration;
			buildSettings = {
				ASSETCATALOG_COMPILER_APPICON_NAME = AppIcon;
				GCC_PREFIX_HEADER = "$(SRCROOT)/KFUtilDemo/KFUtil-PrefixHeader.pch";
				INFOPLIST_FILE = "$(SRCROOT)/KFUtilDemo/Info.plist";
				IPHONEOS_DEPLOYMENT_TARGET = 7.0;
				LD_RUNPATH_SEARCH_PATHS = "$(inherited) @executable_path/Frameworks";
				PRODUCT_BUNDLE_IDENTIFIER = com.KittyFeng.FYUtil;
				PRODUCT_NAME = KFUtilDemo;
			};
			name = Debug;
		};
		C6464FE71C8533B300F30CD3 /* Release */ = {
			isa = XCBuildConfiguration;
			buildSettings = {
				ASSETCATALOG_COMPILER_APPICON_NAME = AppIcon;
				GCC_PREFIX_HEADER = "$(SRCROOT)/KFUtilDemo/KFUtil-PrefixHeader.pch";
				INFOPLIST_FILE = "$(SRCROOT)/KFUtilDemo/Info.plist";
				IPHONEOS_DEPLOYMENT_TARGET = 7.0;
				LD_RUNPATH_SEARCH_PATHS = "$(inherited) @executable_path/Frameworks";
				PRODUCT_BUNDLE_IDENTIFIER = com.KittyFeng.FYUtil;
				PRODUCT_NAME = KFUtilDemo;
			};
			name = Release;
		};
		C6464FE91C8533B300F30CD3 /* Debug */ = {
			isa = XCBuildConfiguration;
			buildSettings = {
				INFOPLIST_FILE = FYUtilUITests/Info.plist;
				LD_RUNPATH_SEARCH_PATHS = "$(inherited) @executable_path/Frameworks @loader_path/Frameworks";
				PRODUCT_BUNDLE_IDENTIFIER = Sunny.FYUtilUITests;
				PRODUCT_NAME = KFUtilDemo;
				TEST_TARGET_NAME = FYUtil;
				USES_XCTRUNNER = YES;
			};
			name = Debug;
		};
		C6464FEA1C8533B300F30CD3 /* Release */ = {
			isa = XCBuildConfiguration;
			buildSettings = {
				INFOPLIST_FILE = FYUtilUITests/Info.plist;
				LD_RUNPATH_SEARCH_PATHS = "$(inherited) @executable_path/Frameworks @loader_path/Frameworks";
				PRODUCT_BUNDLE_IDENTIFIER = Sunny.FYUtilUITests;
				PRODUCT_NAME = KFUtilDemo;
				TEST_TARGET_NAME = FYUtil;
				USES_XCTRUNNER = YES;
			};
			name = Release;
		};
/* End XCBuildConfiguration section */

/* Begin XCConfigurationList section */
		C6464FBE1C8533B300F30CD3 /* Build configuration list for PBXProject "KFUtilDemo" */ = {
			isa = XCConfigurationList;
			buildConfigurations = (
				C6464FE31C8533B300F30CD3 /* Debug */,
				C6464FE41C8533B300F30CD3 /* Release */,
			);
			defaultConfigurationIsVisible = 0;
			defaultConfigurationName = Release;
		};
		C6464FE51C8533B300F30CD3 /* Build configuration list for PBXNativeTarget "KFUtilDemo" */ = {
			isa = XCConfigurationList;
			buildConfigurations = (
				C6464FE61C8533B300F30CD3 /* Debug */,
				C6464FE71C8533B300F30CD3 /* Release */,
			);
			defaultConfigurationIsVisible = 0;
			defaultConfigurationName = Release;
		};
		C6464FE81C8533B300F30CD3 /* Build configuration list for PBXNativeTarget "KFUtilDemoUITests" */ = {
			isa = XCConfigurationList;
			buildConfigurations = (
				C6464FE91C8533B300F30CD3 /* Debug */,
				C6464FEA1C8533B300F30CD3 /* Release */,
			);
			defaultConfigurationIsVisible = 0;
			defaultConfigurationName = Release;
		};
/* End XCConfigurationList section */
	};
	rootObject = C6464FBB1C8533B300F30CD3 /* Project object */;
}
